// !$*UTF8*$!
{
	archiveVersion = 1;
	classes = {
	};
	objectVersion = 50;
	objects = {

/* Begin PBXBuildFile section */
		D25234EA2599D70F007B1F11 /* AppDelegate.swift in Sources */ = {isa = PBXBuildFile; fileRef = D25234E92599D70F007B1F11 /* AppDelegate.swift */; };
		D25234EC2599D70F007B1F11 /* SceneDelegate.swift in Sources */ = {isa = PBXBuildFile; fileRef = D25234EB2599D70F007B1F11 /* SceneDelegate.swift */; };
		D25234EE2599D70F007B1F11 /* ViewController.swift in Sources */ = {isa = PBXBuildFile; fileRef = D25234ED2599D70F007B1F11 /* ViewController.swift */; };
		D25234F12599D70F007B1F11 /* Main.storyboard in Resources */ = {isa = PBXBuildFile; fileRef = D25234EF2599D70F007B1F11 /* Main.storyboard */; };
		D25234F32599D711007B1F11 /* Assets.xcassets in Resources */ = {isa = PBXBuildFile; fileRef = D25234F22599D711007B1F11 /* Assets.xcassets */; };
		D25234F62599D711007B1F11 /* LaunchScreen.storyboard in Resources */ = {isa = PBXBuildFile; fileRef = D25234F42599D711007B1F11 /* LaunchScreen.storyboard */; };
		D25235012599D711007B1F11 /* Stereo_LidarTests.swift in Sources */ = {isa = PBXBuildFile; fileRef = D25235002599D711007B1F11 /* Stereo_LidarTests.swift */; };
		D252350C2599D711007B1F11 /* Stereo_LidarUITests.swift in Sources */ = {isa = PBXBuildFile; fileRef = D252350B2599D711007B1F11 /* Stereo_LidarUITests.swift */; };
/* End PBXBuildFile section */

/* Begin PBXContainerItemProxy section */
		D25234FD2599D711007B1F11 /* PBXContainerItemProxy */ = {
			isa = PBXContainerItemProxy;
			containerPortal = D25234DE2599D70F007B1F11 /* Project object */;
			proxyType = 1;
			remoteGlobalIDString = D25234E52599D70F007B1F11;
			remoteInfo = Stereo_Lidar;
		};
		D25235082599D711007B1F11 /* PBXContainerItemProxy */ = {
			isa = PBXContainerItemProxy;
			containerPortal = D25234DE2599D70F007B1F11 /* Project object */;
			proxyType = 1;
			remoteGlobalIDString = D25234E52599D70F007B1F11;
			remoteInfo = Stereo_Lidar;
		};
/* End PBXContainerItemProxy section */

/* Begin PBXFileReference section */
		D25234E62599D70F007B1F11 /* Stereo_Lidar.app */ = {isa = PBXFileReference; explicitFileType = wrapper.application; includeInIndex = 0; path = Stereo_Lidar.app; sourceTree = BUILT_PRODUCTS_DIR; };
		D25234E92599D70F007B1F11 /* AppDelegate.swift */ = {isa = PBXFileReference; lastKnownFileType = sourcecode.swift; path = AppDelegate.swift; sourceTree = "<group>"; };
		D25234EB2599D70F007B1F11 /* SceneDelegate.swift */ = {isa = PBXFileReference; lastKnownFileType = sourcecode.swift; path = SceneDelegate.swift; sourceTree = "<group>"; };
		D25234ED2599D70F007B1F11 /* ViewController.swift */ = {isa = PBXFileReference; lastKnownFileType = sourcecode.swift; path = ViewController.swift; sourceTree = "<group>"; };
		D25234F02599D70F007B1F11 /* Base */ = {isa = PBXFileReference; lastKnownFileType = file.storyboard; name = Base; path = Base.lproj/Main.storyboard; sourceTree = "<group>"; };
		D25234F22599D711007B1F11 /* Assets.xcassets */ = {isa = PBXFileReference; lastKnownFileType = folder.assetcatalog; path = Assets.xcassets; sourceTree = "<group>"; };
		D25234F52599D711007B1F11 /* Base */ = {isa = PBXFileReference; lastKnownFileType = file.storyboard; name = Base; path = Base.lproj/LaunchScreen.storyboard; sourceTree = "<group>"; };
		D25234F72599D711007B1F11 /* Info.plist */ = {isa = PBXFileReference; lastKnownFileType = text.plist.xml; path = Info.plist; sourceTree = "<group>"; };
		D25234FC2599D711007B1F11 /* Stereo_LidarTests.xctest */ = {isa = PBXFileReference; explicitFileType = wrapper.cfbundle; includeInIndex = 0; path = Stereo_LidarTests.xctest; sourceTree = BUILT_PRODUCTS_DIR; };
		D25235002599D711007B1F11 /* Stereo_LidarTests.swift */ = {isa = PBXFileReference; lastKnownFileType = sourcecode.swift; path = Stereo_LidarTests.swift; sourceTree = "<group>"; };
		D25235022599D711007B1F11 /* Info.plist */ = {isa = PBXFileReference; lastKnownFileType = text.plist.xml; path = Info.plist; sourceTree = "<group>"; };
		D25235072599D711007B1F11 /* Stereo_LidarUITests.xctest */ = {isa = PBXFileReference; explicitFileType = wrapper.cfbundle; includeInIndex = 0; path = Stereo_LidarUITests.xctest; sourceTree = BUILT_PRODUCTS_DIR; };
		D252350B2599D711007B1F11 /* Stereo_LidarUITests.swift */ = {isa = PBXFileReference; lastKnownFileType = sourcecode.swift; path = Stereo_LidarUITests.swift; sourceTree = "<group>"; };
		D252350D2599D711007B1F11 /* Info.plist */ = {isa = PBXFileReference; lastKnownFileType = text.plist.xml; path = Info.plist; sourceTree = "<group>"; };
/* End PBXFileReference section */

/* Begin PBXFrameworksBuildPhase section */
		D25234E32599D70F007B1F11 /* Frameworks */ = {
			isa = PBXFrameworksBuildPhase;
			buildActionMask = 2147483647;
			files = (
			);
			runOnlyForDeploymentPostprocessing = 0;
		};
		D25234F92599D711007B1F11 /* Frameworks */ = {
			isa = PBXFrameworksBuildPhase;
			buildActionMask = 2147483647;
			files = (
			);
			runOnlyForDeploymentPostprocessing = 0;
		};
		D25235042599D711007B1F11 /* Frameworks */ = {
			isa = PBXFrameworksBuildPhase;
			buildActionMask = 2147483647;
			files = (
			);
			runOnlyForDeploymentPostprocessing = 0;
		};
/* End PBXFrameworksBuildPhase section */

/* Begin PBXGroup section */
		D25234DD2599D70F007B1F11 = {
			isa = PBXGroup;
			children = (
				D25234E82599D70F007B1F11 /* Stereo_Lidar */,
				D25234FF2599D711007B1F11 /* Stereo_LidarTests */,
				D252350A2599D711007B1F11 /* Stereo_LidarUITests */,
				D25234E72599D70F007B1F11 /* Products */,
			);
			sourceTree = "<group>";
		};
		D25234E72599D70F007B1F11 /* Products */ = {
			isa = PBXGroup;
			children = (
				D25234E62599D70F007B1F11 /* Stereo_Lidar.app */,
				D25234FC2599D711007B1F11 /* Stereo_LidarTests.xctest */,
				D25235072599D711007B1F11 /* Stereo_LidarUITests.xctest */,
			);
			name = Products;
			sourceTree = "<group>";
		};
		D25234E82599D70F007B1F11 /* Stereo_Lidar */ = {
			isa = PBXGroup;
			children = (
				D25234E92599D70F007B1F11 /* AppDelegate.swift */,
				D25234EB2599D70F007B1F11 /* SceneDelegate.swift */,
				D25234ED2599D70F007B1F11 /* ViewController.swift */,
				D25234EF2599D70F007B1F11 /* Main.storyboard */,
				D25234F22599D711007B1F11 /* Assets.xcassets */,
				D25234F42599D711007B1F11 /* LaunchScreen.storyboard */,
				D25234F72599D711007B1F11 /* Info.plist */,
			);
			path = Stereo_Lidar;
			sourceTree = "<group>";
		};
		D25234FF2599D711007B1F11 /* Stereo_LidarTests */ = {
			isa = PBXGroup;
			children = (
				D25235002599D711007B1F11 /* Stereo_LidarTests.swift */,
				D25235022599D711007B1F11 /* Info.plist */,
			);
			path = Stereo_LidarTests;
			sourceTree = "<group>";
		};
		D252350A2599D711007B1F11 /* Stereo_LidarUITests */ = {
			isa = PBXGroup;
			children = (
				D252350B2599D711007B1F11 /* Stereo_LidarUITests.swift */,
				D252350D2599D711007B1F11 /* Info.plist */,
			);
			path = Stereo_LidarUITests;
			sourceTree = "<group>";
		};
/* End PBXGroup section */

/* Begin PBXNativeTarget section */
		D25234E52599D70F007B1F11 /* Stereo_Lidar */ = {
			isa = PBXNativeTarget;
			buildConfigurationList = D25235102599D711007B1F11 /* Build configuration list for PBXNativeTarget "Stereo_Lidar" */;
			buildPhases = (
				D25234E22599D70F007B1F11 /* Sources */,
				D25234E32599D70F007B1F11 /* Frameworks */,
				D25234E42599D70F007B1F11 /* Resources */,
			);
			buildRules = (
			);
			dependencies = (
			);
			name = Stereo_Lidar;
			productName = Stereo_Lidar;
			productReference = D25234E62599D70F007B1F11 /* Stereo_Lidar.app */;
			productType = "com.apple.product-type.application";
		};
		D25234FB2599D711007B1F11 /* Stereo_LidarTests */ = {
			isa = PBXNativeTarget;
			buildConfigurationList = D25235132599D711007B1F11 /* Build configuration list for PBXNativeTarget "Stereo_LidarTests" */;
			buildPhases = (
				D25234F82599D711007B1F11 /* Sources */,
				D25234F92599D711007B1F11 /* Frameworks */,
				D25234FA2599D711007B1F11 /* Resources */,
			);
			buildRules = (
			);
			dependencies = (
				D25234FE2599D711007B1F11 /* PBXTargetDependency */,
			);
			name = Stereo_LidarTests;
			productName = Stereo_LidarTests;
			productReference = D25234FC2599D711007B1F11 /* Stereo_LidarTests.xctest */;
			productType = "com.apple.product-type.bundle.unit-test";
		};
		D25235062599D711007B1F11 /* Stereo_LidarUITests */ = {
			isa = PBXNativeTarget;
			buildConfigurationList = D25235162599D711007B1F11 /* Build configuration list for PBXNativeTarget "Stereo_LidarUITests" */;
			buildPhases = (
				D25235032599D711007B1F11 /* Sources */,
				D25235042599D711007B1F11 /* Frameworks */,
				D25235052599D711007B1F11 /* Resources */,
			);
			buildRules = (
			);
			dependencies = (
				D25235092599D711007B1F11 /* PBXTargetDependency */,
			);
			name = Stereo_LidarUITests;
			productName = Stereo_LidarUITests;
			productReference = D25235072599D711007B1F11 /* Stereo_LidarUITests.xctest */;
			productType = "com.apple.product-type.bundle.ui-testing";
		};
/* End PBXNativeTarget section */

/* Begin PBXProject section */
		D25234DE2599D70F007B1F11 /* Project object */ = {
			isa = PBXProject;
			attributes = {
				LastSwiftUpdateCheck = 1220;
				LastUpgradeCheck = 1220;
				TargetAttributes = {
					D25234E52599D70F007B1F11 = {
						CreatedOnToolsVersion = 12.2;
					};
					D25234FB2599D711007B1F11 = {
						CreatedOnToolsVersion = 12.2;
						TestTargetID = D25234E52599D70F007B1F11;
					};
					D25235062599D711007B1F11 = {
						CreatedOnToolsVersion = 12.2;
						TestTargetID = D25234E52599D70F007B1F11;
					};
				};
			};
			buildConfigurationList = D25234E12599D70F007B1F11 /* Build configuration list for PBXProject "Stereo_Lidar" */;
			compatibilityVersion = "Xcode 9.3";
			developmentRegion = en;
			hasScannedForEncodings = 0;
			knownRegions = (
				en,
				Base,
			);
			mainGroup = D25234DD2599D70F007B1F11;
			productRefGroup = D25234E72599D70F007B1F11 /* Products */;
			projectDirPath = "";
			projectRoot = "";
			targets = (
				D25234E52599D70F007B1F11 /* Stereo_Lidar */,
				D25234FB2599D711007B1F11 /* Stereo_LidarTests */,
				D25235062599D711007B1F11 /* Stereo_LidarUITests */,
			);
		};
/* End PBXProject section */

/* Begin PBXResourcesBuildPhase section */
		D25234E42599D70F007B1F11 /* Resources */ = {
			isa = PBXResourcesBuildPhase;
			buildActionMask = 2147483647;
			files = (
				D25234F62599D711007B1F11 /* LaunchScreen.storyboard in Resources */,
				D25234F32599D711007B1F11 /* Assets.xcassets in Resources */,
				D25234F12599D70F007B1F11 /* Main.storyboard in Resources */,
			);
			runOnlyForDeploymentPostprocessing = 0;
		};
		D25234FA2599D711007B1F11 /* Resources */ = {
			isa = PBXResourcesBuildPhase;
			buildActionMask = 2147483647;
			files = (
			);
			runOnlyForDeploymentPostprocessing = 0;
		};
		D25235052599D711007B1F11 /* Resources */ = {
			isa = PBXResourcesBuildPhase;
			buildActionMask = 2147483647;
			files = (
			);
			runOnlyForDeploymentPostprocessing = 0;
		};
/* End PBXResourcesBuildPhase section */

/* Begin PBXSourcesBuildPhase section */
		D25234E22599D70F007B1F11 /* Sources */ = {
			isa = PBXSourcesBuildPhase;
			buildActionMask = 2147483647;
			files = (
				D25234EE2599D70F007B1F11 /* ViewController.swift in Sources */,
				D25234EA2599D70F007B1F11 /* AppDelegate.swift in Sources */,
				D25234EC2599D70F007B1F11 /* SceneDelegate.swift in Sources */,
			);
			runOnlyForDeploymentPostprocessing = 0;
		};
		D25234F82599D711007B1F11 /* Sources */ = {
			isa = PBXSourcesBuildPhase;
			buildActionMask = 2147483647;
			files = (
				D25235012599D711007B1F11 /* Stereo_LidarTests.swift in Sources */,
			);
			runOnlyForDeploymentPostprocessing = 0;
		};
		D25235032599D711007B1F11 /* Sources */ = {
			isa = PBXSourcesBuildPhase;
			buildActionMask = 2147483647;
			files = (
				D252350C2599D711007B1F11 /* Stereo_LidarUITests.swift in Sources */,
			);
			runOnlyForDeploymentPostprocessing = 0;
		};
/* End PBXSourcesBuildPhase section */

/* Begin PBXTargetDependency section */
		D25234FE2599D711007B1F11 /* PBXTargetDependency */ = {
			isa = PBXTargetDependency;
			target = D25234E52599D70F007B1F11 /* Stereo_Lidar */;
			targetProxy = D25234FD2599D711007B1F11 /* PBXContainerItemProxy */;
		};
		D25235092599D711007B1F11 /* PBXTargetDependency */ = {
			isa = PBXTargetDependency;
			target = D25234E52599D70F007B1F11 /* Stereo_Lidar */;
			targetProxy = D25235082599D711007B1F11 /* PBXContainerItemProxy */;
		};
/* End PBXTargetDependency section */

/* Begin PBXVariantGroup section */
		D25234EF2599D70F007B1F11 /* Main.storyboard */ = {
			isa = PBXVariantGroup;
			children = (
				D25234F02599D70F007B1F11 /* Base */,
			);
			name = Main.storyboard;
			sourceTree = "<group>";
		};
		D25234F42599D711007B1F11 /* LaunchScreen.storyboard */ = {
			isa = PBXVariantGroup;
			children = (
				D25234F52599D711007B1F11 /* Base */,
			);
			name = LaunchScreen.storyboard;
			sourceTree = "<group>";
		};
/* End PBXVariantGroup section */

/* Begin XCBuildConfiguration section */
		D252350E2599D711007B1F11 /* Debug */ = {
			isa = XCBuildConfiguration;
			buildSettings = {
				ALWAYS_SEARCH_USER_PATHS = NO;
				CLANG_ANALYZER_NONNULL = YES;
				CLANG_ANALYZER_NUMBER_OBJECT_CONVERSION = YES_AGGRESSIVE;
				CLANG_CXX_LANGUAGE_STANDARD = "gnu++14";
				CLANG_CXX_LIBRARY = "libc++";
				CLANG_ENABLE_MODULES = YES;
				CLANG_ENABLE_OBJC_ARC = YES;
				CLANG_ENABLE_OBJC_WEAK = YES;
				CLANG_WARN_BLOCK_CAPTURE_AUTORELEASING = YES;
				CLANG_WARN_BOOL_CONVERSION = YES;
				CLANG_WARN_COMMA = YES;
				CLANG_WARN_CONSTANT_CONVERSION = YES;
				CLANG_WARN_DEPRECATED_OBJC_IMPLEMENTATIONS = YES;
				CLANG_WARN_DIRECT_OBJC_ISA_USAGE = YES_ERROR;
				CLANG_WARN_DOCUMENTATION_COMMENTS = YES;
				CLANG_WARN_EMPTY_BODY = YES;
				CLANG_WARN_ENUM_CONVERSION = YES;
				CLANG_WARN_INFINITE_RECURSION = YES;
				CLANG_WARN_INT_CONVERSION = YES;
				CLANG_WARN_NON_LITERAL_NULL_CONVERSION = YES;
				CLANG_WARN_OBJC_IMPLICIT_RETAIN_SELF = YES;
				CLANG_WARN_OBJC_LITERAL_CONVERSION = YES;
				CLANG_WARN_OBJC_ROOT_CLASS = YES_ERROR;
				CLANG_WARN_QUOTED_INCLUDE_IN_FRAMEWORK_HEADER = YES;
				CLANG_WARN_RANGE_LOOP_ANALYSIS = YES;
				CLANG_WARN_STRICT_PROTOTYPES = YES;
				CLANG_WARN_SUSPICIOUS_MOVE = YES;
				CLANG_WARN_UNGUARDED_AVAILABILITY = YES_AGGRESSIVE;
				CLANG_WARN_UNREACHABLE_CODE = YES;
				CLANG_WARN__DUPLICATE_METHOD_MATCH = YES;
				COPY_PHASE_STRIP = NO;
				DEBUG_INFORMATION_FORMAT = dwarf;
				ENABLE_STRICT_OBJC_MSGSEND = YES;
				ENABLE_TESTABILITY = YES;
				GCC_C_LANGUAGE_STANDARD = gnu11;
				GCC_DYNAMIC_NO_PIC = NO;
				GCC_NO_COMMON_BLOCKS = YES;
				GCC_OPTIMIZATION_LEVEL = 0;
				GCC_PREPROCESSOR_DEFINITIONS = (
					"DEBUG=1",
					"$(inherited)",
				);
				GCC_WARN_64_TO_32_BIT_CONVERSION = YES;
				GCC_WARN_ABOUT_RETURN_TYPE = YES_ERROR;
				GCC_WARN_UNDECLARED_SELECTOR = YES;
				GCC_WARN_UNINITIALIZED_AUTOS = YES_AGGRESSIVE;
				GCC_WARN_UNUSED_FUNCTION = YES;
				GCC_WARN_UNUSED_VARIABLE = YES;
				IPHONEOS_DEPLOYMENT_TARGET = 14.2;
				MTL_ENABLE_DEBUG_INFO = INCLUDE_SOURCE;
				MTL_FAST_MATH = YES;
				ONLY_ACTIVE_ARCH = YES;
				SDKROOT = iphoneos;
				SWIFT_ACTIVE_COMPILATION_CONDITIONS = DEBUG;
				SWIFT_OPTIMIZATION_LEVEL = "-Onone";
			};
			name = Debug;
		};
		D252350F2599D711007B1F11 /* Release */ = {
			isa = XCBuildConfiguration;
			buildSettings = {
				ALWAYS_SEARCH_USER_PATHS = NO;
				CLANG_ANALYZER_NONNULL = YES;
				CLANG_ANALYZER_NUMBER_OBJECT_CONVERSION = YES_AGGRESSIVE;
				CLANG_CXX_LANGUAGE_STANDARD = "gnu++14";
				CLANG_CXX_LIBRARY = "libc++";
				CLANG_ENABLE_MODULES = YES;
				CLANG_ENABLE_OBJC_ARC = YES;
				CLANG_ENABLE_OBJC_WEAK = YES;
				CLANG_WARN_BLOCK_CAPTURE_AUTORELEASING = YES;
				CLANG_WARN_BOOL_CONVERSION = YES;
				CLANG_WARN_COMMA = YES;
				CLANG_WARN_CONSTANT_CONVERSION = YES;
				CLANG_WARN_DEPRECATED_OBJC_IMPLEMENTATIONS = YES;
				CLANG_WARN_DIRECT_OBJC_ISA_USAGE = YES_ERROR;
				CLANG_WARN_DOCUMENTATION_COMMENTS = YES;
				CLANG_WARN_EMPTY_BODY = YES;
				CLANG_WARN_ENUM_CONVERSION = YES;
				CLANG_WARN_INFINITE_RECURSION = YES;
				CLANG_WARN_INT_CONVERSION = YES;
				CLANG_WARN_NON_LITERAL_NULL_CONVERSION = YES;
				CLANG_WARN_OBJC_IMPLICIT_RETAIN_SELF = YES;
				CLANG_WARN_OBJC_LITERAL_CONVERSION = YES;
				CLANG_WARN_OBJC_ROOT_CLASS = YES_ERROR;
				CLANG_WARN_QUOTED_INCLUDE_IN_FRAMEWORK_HEADER = YES;
				CLANG_WARN_RANGE_LOOP_ANALYSIS = YES;
				CLANG_WARN_STRICT_PROTOTYPES = YES;
				CLANG_WARN_SUSPICIOUS_MOVE = YES;
				CLANG_WARN_UNGUARDED_AVAILABILITY = YES_AGGRESSIVE;
				CLANG_WARN_UNREACHABLE_CODE = YES;
				CLANG_WARN__DUPLICATE_METHOD_MATCH = YES;
				COPY_PHASE_STRIP = NO;
				DEBUG_INFORMATION_FORMAT = "dwarf-with-dsym";
				ENABLE_NS_ASSERTIONS = NO;
				ENABLE_STRICT_OBJC_MSGSEND = YES;
				GCC_C_LANGUAGE_STANDARD = gnu11;
				GCC_NO_COMMON_BLOCKS = YES;
				GCC_WARN_64_TO_32_BIT_CONVERSION = YES;
				GCC_WARN_ABOUT_RETURN_TYPE = YES_ERROR;
				GCC_WARN_UNDECLARED_SELECTOR = YES;
				GCC_WARN_UNINITIALIZED_AUTOS = YES_AGGRESSIVE;
				GCC_WARN_UNUSED_FUNCTION = YES;
				GCC_WARN_UNUSED_VARIABLE = YES;
				IPHONEOS_DEPLOYMENT_TARGET = 14.2;
				MTL_ENABLE_DEBUG_INFO = NO;
				MTL_FAST_MATH = YES;
				SDKROOT = iphoneos;
				SWIFT_COMPILATION_MODE = wholemodule;
				SWIFT_OPTIMIZATION_LEVEL = "-O";
				VALIDATE_PRODUCT = YES;
			};
			name = Release;
		};
		D25235112599D711007B1F11 /* Debug */ = {
			isa = XCBuildConfiguration;
			buildSettings = {
				ASSETCATALOG_COMPILER_APPICON_NAME = AppIcon;
				ASSETCATALOG_COMPILER_GLOBAL_ACCENT_COLOR_NAME = AccentColor;
				CODE_SIGN_STYLE = Automatic;
				INFOPLIST_FILE = Stereo_Lidar/Info.plist;
				LD_RUNPATH_SEARCH_PATHS = (
					"$(inherited)",
					"@executable_path/Frameworks",
				);
				PRODUCT_BUNDLE_IDENTIFIER = "com.Stereo-Lidar";
				PRODUCT_NAME = "$(TARGET_NAME)";
				SWIFT_VERSION = 5.0;
				TARGETED_DEVICE_FAMILY = "1,2";
			};
			name = Debug;
		};
		D25235122599D711007B1F11 /* Release */ = {
			isa = XCBuildConfiguration;
			buildSettings = {
				ASSETCATALOG_COMPILER_APPICON_NAME = AppIcon;
				ASSETCATALOG_COMPILER_GLOBAL_ACCENT_COLOR_NAME = AccentColor;
				CODE_SIGN_STYLE = Automatic;
				INFOPLIST_FILE = Stereo_Lidar/Info.plist;
				LD_RUNPATH_SEARCH_PATHS = (
					"$(inherited)",
					"@executable_path/Frameworks",
				);
				PRODUCT_BUNDLE_IDENTIFIER = "com.Stereo-Lidar";
				PRODUCT_NAME = "$(TARGET_NAME)";
				SWIFT_VERSION = 5.0;
				TARGETED_DEVICE_FAMILY = "1,2";
			};
			name = Release;
		};
		D25235142599D711007B1F11 /* Debug */ = {
			isa = XCBuildConfiguration;
			buildSettings = {
				ALWAYS_EMBED_SWIFT_STANDARD_LIBRARIES = YES;
				BUNDLE_LOADER = "$(TEST_HOST)";
				CODE_SIGN_STYLE = Automatic;
				INFOPLIST_FILE = Stereo_LidarTests/Info.plist;
				IPHONEOS_DEPLOYMENT_TARGET = 14.2;
				LD_RUNPATH_SEARCH_PATHS = (
					"$(inherited)",
					"@executable_path/Frameworks",
					"@loader_path/Frameworks",
				);
				PRODUCT_BUNDLE_IDENTIFIER = "com.Stereo-LidarTests";
				PRODUCT_NAME = "$(TARGET_NAME)";
				SWIFT_VERSION = 5.0;
				TARGETED_DEVICE_FAMILY = "1,2";
				TEST_HOST = "$(BUILT_PRODUCTS_DIR)/Stereo_Lidar.app/Stereo_Lidar";
			};
			name = Debug;
		};
		D25235152599D711007B1F11 /* Release */ = {
			isa = XCBuildConfiguration;
			buildSettings = {
				ALWAYS_EMBED_SWIFT_STANDARD_LIBRARIES = YES;
				BUNDLE_LOADER = "$(TEST_HOST)";
				CODE_SIGN_STYLE = Automatic;
				INFOPLIST_FILE = Stereo_LidarTests/Info.plist;
				IPHONEOS_DEPLOYMENT_TARGET = 14.2;
				LD_RUNPATH_SEARCH_PATHS = (
					"$(inherited)",
					"@executable_path/Frameworks",
					"@loader_path/Frameworks",
				);
				PRODUCT_BUNDLE_IDENTIFIER = "com.Stereo-LidarTests";
				PRODUCT_NAME = "$(TARGET_NAME)";
				SWIFT_VERSION = 5.0;
				TARGETED_DEVICE_FAMILY = "1,2";
				TEST_HOST = "$(BUILT_PRODUCTS_DIR)/Stereo_Lidar.app/Stereo_Lidar";
			};
			name = Release;
		};
		D25235172599D711007B1F11 /* Debug */ = {
			isa = XCBuildConfiguration;
			buildSettings = {
				ALWAYS_EMBED_SWIFT_STANDARD_LIBRARIES = YES;
				CODE_SIGN_STYLE = Automatic;
				INFOPLIST_FILE = Stereo_LidarUITests/Info.plist;
				LD_RUNPATH_SEARCH_PATHS = (
					"$(inherited)",
					"@executable_path/Frameworks",
					"@loader_path/Frameworks",
				);
				PRODUCT_BUNDLE_IDENTIFIER = "com.Stereo-LidarUITests";
				PRODUCT_NAME = "$(TARGET_NAME)";
				SWIFT_VERSION = 5.0;
				TARGETED_DEVICE_FAMILY = "1,2";
				TEST_TARGET_NAME = Stereo_Lidar;
			};
			name = Debug;
		};
		D25235182599D711007B1F11 /* Release */ = {
			isa = XCBuildConfiguration;
			buildSettings = {
				ALWAYS_EMBED_SWIFT_STANDARD_LIBRARIES = YES;
				CODE_SIGN_STYLE = Automatic;
				INFOPLIST_FILE = Stereo_LidarUITests/Info.plist;
				LD_RUNPATH_SEARCH_PATHS = (
					"$(inherited)",
					"@executable_path/Frameworks",
					"@loader_path/Frameworks",
				);
				PRODUCT_BUNDLE_IDENTIFIER = "com.Stereo-LidarUITests";
				PRODUCT_NAME = "$(TARGET_NAME)";
				SWIFT_VERSION = 5.0;
				TARGETED_DEVICE_FAMILY = "1,2";
				TEST_TARGET_NAME = Stereo_Lidar;
			};
			name = Release;
		};
/* End XCBuildConfiguration section */

/* Begin XCConfigurationList section */
		D25234E12599D70F007B1F11 /* Build configuration list for PBXProject "Stereo_Lidar" */ = {
			isa = XCConfigurationList;
			buildConfigurations = (
				D252350E2599D711007B1F11 /* Debug */,
				D252350F2599D711007B1F11 /* Release */,
			);
			defaultConfigurationIsVisible = 0;
			defaultConfigurationName = Release;
		};
		D25235102599D711007B1F11 /* Build configuration list for PBXNativeTarget "Stereo_Lidar" */ = {
			isa = XCConfigurationList;
			buildConfigurations = (
				D25235112599D711007B1F11 /* Debug */,
				D25235122599D711007B1F11 /* Release */,
			);
			defaultConfigurationIsVisible = 0;
			defaultConfigurationName = Release;
		};
		D25235132599D711007B1F11 /* Build configuration list for PBXNativeTarget "Stereo_LidarTests" */ = {
			isa = XCConfigurationList;
			buildConfigurations = (
				D25235142599D711007B1F11 /* Debug */,
				D25235152599D711007B1F11 /* Release */,
			);
			defaultConfigurationIsVisible = 0;
			defaultConfigurationName = Release;
		};
		D25235162599D711007B1F11 /* Build configuration list for PBXNativeTarget "Stereo_LidarUITests" */ = {
			isa = XCConfigurationList;
			buildConfigurations = (
				D25235172599D711007B1F11 /* Debug */,
				D25235182599D711007B1F11 /* Release */,
			);
			defaultConfigurationIsVisible = 0;
			defaultConfigurationName = Release;
		};
/* End XCConfigurationList section */
	};
	rootObject = D25234DE2599D70F007B1F11 /* Project object */;
}
